
Microsoft Visual Studio Solution File, Format Version 12.00
# Visual Studio 15
VisualStudioVersion = 15.0.28307.329
MinimumVisualStudioVersion = 10.0.40219.1
Project("{FAE04EC0-301F-11D3-BF4B-00C04F79EFBC}") = "Http.Winform", "http2\Http.Winform.csproj", "{C04904B7-8B90-4861-8521-AF5D76C2E1CC}"
EndProject
Project("{9A19103F-16F7-4668-BE54-9A1E7A4F7556}") = "Http.Core", "Http.Core\Http.Core.csproj", "{BE66D4F0-FED3-4729-976F-BE321FCD1A1A}"
EndProject
Project("{FAE04EC0-301F-11D3-BF4B-00C04F79EFBC}") = "Http.Console", "Http.Console\Http.Console.csproj", "{AE5550B1-596E-4ECE-A14E-5242609411F8}"
EndProject
Global
	GlobalSection(SolutionConfigurationPlatforms) = preSolution
		Debug|Any CPU = Debug|Any CPU
		Release|Any CPU = Release|Any CPU
	EndGlobalSection
	GlobalSection(ProjectConfigurationPlatforms) = postSolution
		{C04904B7-8B90-4861-8521-AF5D76C2E1CC}.Debug|Any CPU.ActiveCfg = Debug|Any CPU
		{C04904B7-8B90-4861-8521-AF5D76C2E1CC}.Debug|Any CPU.Build.0 = Debug|Any CPU
		{C04904B7-8B90-4861-8521-AF5D76C2E1CC}.Release|Any CPU.ActiveCfg = Release|Any CPU
		{C04904B7-8B90-4861-8521-AF5D76C2E1CC}.Release|Any CPU.Build.0 = Release|Any CPU
		{BE66D4F0-FED3-4729-976F-BE321FCD1A1A}.Debug|Any CPU.ActiveCfg = Debug|Any CPU
		{BE66D4F0-FED3-4729-976F-BE321FCD1A1A}.Debug|Any CPU.Build.0 = Debug|Any CPU
		{BE66D4F0-FED3-4729-976F-BE321FCD1A1A}.Release|Any CPU.ActiveCfg = Release|Any CPU
		{BE66D4F0-FED3-4729-976F-BE321FCD1A1A}.Release|Any CPU.Build.0 = Release|Any CPU
		{AE5550B1-596E-4ECE-A14E-5242609411F8}.Debug|Any CPU.ActiveCfg = Debug|Any CPU
		{AE5550B1-596E-4ECE-A14E-5242609411F8}.Debug|Any CPU.Build.0 = Debug|Any CPU
		{AE5550B1-596E-4ECE-A14E-5242609411F8}.Release|Any CPU.ActiveCfg = Release|Any CPU
		{AE5550B1-596E-4ECE-A14E-5242609411F8}.Release|Any CPU.Build.0 = Release|Any CPU
	EndGlobalSection
	GlobalSection(SolutionProperties) = preSolution
		HideSolutionNode = FALSE
	EndGlobalSection
	GlobalSection(ExtensibilityGlobals) = postSolution
		SolutionGuid = {FC8B08CE-2AFE-4EB2-B40E-501CADCEDC68}
	EndGlobalSection
EndGlobal
