
Microsoft Visual Studio Solution File, Format Version 12.00
# Visual Studio 15
VisualStudioVersion = 15.0.28307.329
MinimumVisualStudioVersion = 10.0.40219.1
Project("{FAE04EC0-301F-11D3-BF4B-00C04F79EFBC}") = "Http.Core", "Http.Core\Http.Core.csproj", "{E6CF46B7-910D-497E-801C-F8C0277AA006}"
EndProject
Global
	GlobalSection(SolutionConfigurationPlatforms) = preSolution
		Debug|Any CPU = Debug|Any CPU
		Release|Any CPU = Release|Any CPU
	EndGlobalSection
	GlobalSection(ProjectConfigurationPlatforms) = postSolution
		{E6CF46B7-910D-497E-801C-F8C0277AA006}.Debug|Any CPU.ActiveCfg = Debug|Any CPU
		{E6CF46B7-910D-497E-801C-F8C0277AA006}.Debug|Any CPU.Build.0 = Debug|Any CPU
		{E6CF46B7-910D-497E-801C-F8C0277AA006}.Release|Any CPU.ActiveCfg = Release|Any CPU
		{E6CF46B7-910D-497E-801C-F8C0277AA006}.Release|Any CPU.Build.0 = Release|Any CPU
	EndGlobalSection
	GlobalSection(SolutionProperties) = preSolution
		HideSolutionNode = FALSE
	EndGlobalSection
	GlobalSection(ExtensibilityGlobals) = postSolution
		SolutionGuid = {2CDAE5C8-AE0C-459D-BF9F-BE7E066389E1}
	EndGlobalSection
EndGlobal
